PODS:
  - Flutter (1.0.0)
  - flutter_time_date_picker (0.0.1):
    - Flutter

DEPENDENCIES:
  - Flutter (from `Flutter`)
  - flutter_time_date_picker (from `.symlinks/plugins/flutter_time_date_picker/ios`)

EXTERNAL SOURCES:
  Flutter:
    :path: Flutter
  flutter_time_date_picker:
    :path: ".symlinks/plugins/flutter_time_date_picker/ios"

SPEC CHECKSUMS:
  Flutter: 0e3d915762c693b495b44d77113d4970485de6ec
  flutter_time_date_picker: b92e884260a614abb9b0dbc530f46c6ce51a2f51

PODFILE CHECKSUM: 1b66dae606f75376c5f2135a8290850eeb09ae83

COCOAPODS: 1.8.4
